{
  "name": "tsnotebook",
  "version": "1.0.0",
  "lockfileVersion": 2,
  "requires": true,
  "packages": {
    "": {
      "name": "tsnotebook",
      "version": "1.0.0",
      "license": "SEE LICENSE IN LICENSE",
      "dependencies": {
        "@textbus/editor": "^2.6.0",
        "@types/node": "^18.11.17",
        "monaco-editor": "^0.34.1",
        "typescript": "^4.9.4"
      }
    },
    "node_modules/@tanbo/bezier": {
      "version": "1.0.1",
      "resolved": "https://repo.huaweicloud.com/repository/npm/@tanbo/bezier/-/bezier-1.0.1.tgz",
      "integrity": "sha512-o63Ul3M4WIcGhvpiIUOZfP378AsT+UzkaGPYr78g8J4vu8AVYH8KqghgVXBb2uybIK8vdtFdJs21EKdQyrDHow==",
      "license": "MIT"
    },
    "node_modules/@tanbo/color": {
      "version": "0.1.1",
      "resolved": "https://repo.huaweicloud.com/repository/npm/@tanbo/color/-/color-0.1.1.tgz",
      "integrity": "sha512-at2A3rju+rl7bayn62k6sp05bSrRPKOu/L5HefuF6VNeZtu3670mnggFh1xKa+rsVacAiVYM8f2WTtwBBohPgg==",
      "license": "MIT"
    },
    "node_modules/@tanbo/color-picker": {
      "version": "1.0.3",
      "resolved": "https://repo.huaweicloud.com/repository/npm/@tanbo/color-picker/-/color-picker-1.0.3.tgz",
      "integrity": "sha512-WXfXILikWjp/WZxpAmI3I8JWX45UtwTQMwsjUAYQ9Tesbqx9V/vMdtY7xWmKksSxYVQvB8j9vC5mWoT5MJp8DQ==",
      "license": "ISC",
      "dependencies": {
        "@tanbo/color": "^0.1.1",
        "@tanbo/css-themes": "^0.0.1",
        "@tanbo/stream": "^1.1.8"
      }
    },
    "node_modules/@tanbo/css-themes": {
      "version": "0.0.1",
      "resolved": "https://repo.huaweicloud.com/repository/npm/@tanbo/css-themes/-/css-themes-0.0.1.tgz",
      "integrity": "sha512-0OKxDNskmWshWWgFgHAmgKEwBpX+JbYtNPIoImeQWeoAm1KRoONPGMGNccZJr++XLZYF1lAkgzGg2uV1JfvjmQ==",
      "license": "ISC"
    },
    "node_modules/@tanbo/di": {
      "version": "1.1.4",
      "resolved": "https://repo.huaweicloud.com/repository/npm/@tanbo/di/-/di-1.1.4.tgz",
      "integrity": "sha512-3A+LK3PCKiO6zuqjq2yRbJpXTZL4fMTyvcjXNXYHIV1YzxikB0Ejnw+eJe5CWH6803iRfgum6ahYY0tLO+PP6g==",
      "license": "MIT",
      "dependencies": {
        "reflect-metadata": "^0.1.13"
      }
    },
    "node_modules/@tanbo/stream": {
      "version": "1.1.9",
      "resolved": "https://repo.huaweicloud.com/repository/npm/@tanbo/stream/-/stream-1.1.9.tgz",
      "integrity": "sha512-K1IKIVo7qcSC3y26z7yH4mabVdWr9nIYZqzR1ooiQtYMHMFeN9GOWMj4g1pkB8Q3XmS8ojLN3Rd4bgP755/OxQ==",
      "license": "MIT"
    },
    "node_modules/@textbus/browser": {
      "version": "2.6.0",
      "resolved": "https://repo.huaweicloud.com/repository/npm/@textbus/browser/-/browser-2.6.0.tgz",
      "integrity": "sha512-uo2eu1B+fk2cVzxIJyhHnyCRmjzsZU8x7T20p60qMnsicGHfs0hfKBZ/gZwq7lrB3021M8n5oY0KGAPvoZitkA==",
      "license": "GPL-3.0-only",
      "dependencies": {
        "@tanbo/di": "^1.1.4",
        "@tanbo/stream": "^1.1.9",
        "@textbus/core": "^2.6.0",
        "reflect-metadata": "^0.1.13"
      }
    },
    "node_modules/@textbus/collaborate": {
      "version": "2.6.0",
      "resolved": "https://repo.huaweicloud.com/repository/npm/@textbus/collaborate/-/collaborate-2.6.0.tgz",
      "integrity": "sha512-oy62XMm6eUbJKP06MlPXbZs4BM7ci3X9wDQHiTX5ZDhq8y1N6S28O/foR1fgCV30ckB8feg5RI9kUGSx6wZ2LQ==",
      "license": "GPL-3.0-only",
      "dependencies": {
        "@tanbo/di": "^1.1.4",
        "@tanbo/stream": "^1.1.9",
        "@textbus/browser": "^2.6.0",
        "@textbus/core": "^2.6.0",
        "reflect-metadata": "^0.1.13",
        "y-protocols": "^1.0.5",
        "yjs": "^13.5.39"
      }
    },
    "node_modules/@textbus/core": {
      "version": "2.6.0",
      "resolved": "https://repo.huaweicloud.com/repository/npm/@textbus/core/-/core-2.6.0.tgz",
      "integrity": "sha512-ZOyXU6Mjf6cFSmfTVI+VR470EfeSMIasu1jXKfqH7XhYZdEdOu/vWoDmkeAAsptgxTr7l7ew4P2NmvQJdHvacw==",
      "license": "GPL-3.0-only",
      "dependencies": {
        "@tanbo/di": "^1.1.4",
        "@tanbo/stream": "^1.1.9",
        "immer": "^9.0.12"
      }
    },
    "node_modules/@textbus/editor": {
      "version": "2.6.0",
      "resolved": "https://repo.huaweicloud.com/repository/npm/@textbus/editor/-/editor-2.6.0.tgz",
      "integrity": "sha512-8NjxW6HYf1Fnd87AnsHZU63IjvUdmo3tt/cxx1VAkjA5zOxDBCrfRZRaC8C1thUoWeRpwlcFxpA1c/hC5WRitQ==",
      "license": "GPL-3.0-only",
      "dependencies": {
        "@tanbo/bezier": "^1.0.1",
        "@tanbo/color": "^0.1.1",
        "@tanbo/color-picker": "^1.0.3",
        "@tanbo/css-themes": "^0.0.1",
        "@tanbo/di": "^1.1.4",
        "@tanbo/stream": "^1.1.9",
        "@textbus/browser": "^2.6.0",
        "@textbus/collaborate": "^2.6.0",
        "@textbus/core": "^2.6.0",
        "katex": "^0.16.0",
        "prismjs": "^1.23.0"
      }
    },
    "node_modules/@types/node": {
      "version": "18.11.17",
      "resolved": "https://repo.huaweicloud.com/repository/npm/@types/node/-/node-18.11.17.tgz",
      "integrity": "sha512-HJSUJmni4BeDHhfzn6nF0sVmd1SMezP7/4F0Lq+aXzmp2xm9O7WXrUtHW/CHlYVtZUbByEvWidHqRtcJXGF2Ng==",
      "license": "MIT"
    },
    "node_modules/commander": {
      "version": "8.3.0",
      "resolved": "https://repo.huaweicloud.com/repository/npm/commander/-/commander-8.3.0.tgz",
      "integrity": "sha512-OkTL9umf+He2DZkUq8f8J9of7yL6RJKI24dVITBmNfZBmri9zYZQrKkuXiKhyfPSu8tUhnVBB1iKXevvnlR4Ww==",
      "license": "MIT",
      "engines": {
        "node": ">= 12"
      }
    },
    "node_modules/immer": {
      "version": "9.0.16",
      "resolved": "https://repo.huaweicloud.com/repository/npm/immer/-/immer-9.0.16.tgz",
      "integrity": "sha512-qenGE7CstVm1NrHQbMh8YaSzTZTFNP3zPqr3YU0S0UY441j4bJTg4A2Hh5KAhwgaiU6ZZ1Ar6y/2f4TblnMReQ==",
      "license": "MIT",
      "funding": {
        "type": "opencollective",
        "url": "https://opencollective.com/immer"
      }
    },
    "node_modules/isomorphic.js": {
      "version": "0.2.5",
      "resolved": "https://repo.huaweicloud.com/repository/npm/isomorphic.js/-/isomorphic.js-0.2.5.tgz",
      "integrity": "sha512-PIeMbHqMt4DnUP3MA/Flc0HElYjMXArsw1qwJZcm9sqR8mq3l8NYizFMty0pWwE/tzIGH3EKK5+jes5mAr85yw==",
      "license": "MIT",
      "funding": {
        "type": "GitHub Sponsors ❤",
        "url": "https://github.com/sponsors/dmonad"
      }
    },
    "node_modules/katex": {
      "version": "0.16.4",
      "resolved": "https://repo.huaweicloud.com/repository/npm/katex/-/katex-0.16.4.tgz",
      "integrity": "sha512-WudRKUj8yyBeVDI4aYMNxhx5Vhh2PjpzQw1GRu/LVGqL4m1AxwD1GcUp0IMbdJaf5zsjtj8ghP0DOQRYhroNkw==",
      "funding": [
        "https://opencollective.com/katex",
        "https://github.com/sponsors/katex"
      ],
      "license": "MIT",
      "dependencies": {
        "commander": "^8.0.0"
      },
      "bin": {
        "katex": "cli.js"
      }
    },
    "node_modules/lib0": {
      "version": "0.2.58",
      "resolved": "https://repo.huaweicloud.com/repository/npm/lib0/-/lib0-0.2.58.tgz",
      "integrity": "sha512-6ovqPaYfOKU7GkkVxz/wjMR0zsqmNsISLvH+h9Lx5YNtWDZey69aYsTGXaSVpUPpJ+ZFtIvcZHsTGL3MbwOM8A==",
      "license": "MIT",
      "dependencies": {
        "isomorphic.js": "^0.2.4"
      },
      "engines": {
        "node": ">=14"
      },
      "funding": {
        "type": "GitHub Sponsors ❤",
        "url": "https://github.com/sponsors/dmonad"
      }
    },
    "node_modules/monaco-editor": {
      "version": "0.34.1",
      "resolved": "https://repo.huaweicloud.com/repository/npm/monaco-editor/-/monaco-editor-0.34.1.tgz",
      "integrity": "sha512-FKc80TyiMaruhJKKPz5SpJPIjL+dflGvz4CpuThaPMc94AyN7SeC9HQ8hrvaxX7EyHdJcUY5i4D0gNyJj1vSZQ==",
      "license": "MIT"
    },
    "node_modules/prismjs": {
      "version": "1.29.0",
      "resolved": "https://repo.huaweicloud.com/repository/npm/prismjs/-/prismjs-1.29.0.tgz",
      "integrity": "sha512-Kx/1w86q/epKcmte75LNrEoT+lX8pBpavuAbvJWRXar7Hz8jrtF+e3vY751p0R8H9HdArwaCTNDDzHg/ScJK1Q==",
      "license": "MIT",
      "engines": {
        "node": ">=6"
      }
    },
    "node_modules/reflect-metadata": {
      "version": "0.1.13",
      "resolved": "https://repo.huaweicloud.com/repository/npm/reflect-metadata/-/reflect-metadata-0.1.13.tgz",
      "integrity": "sha512-Ts1Y/anZELhSsjMcU605fU9RE4Oi3p5ORujwbIKXfWa+0Zxs510Qrmrce5/Jowq3cHSZSJqBjypxmHarc+vEWg==",
      "license": "Apache-2.0"
    },
    "node_modules/typescript": {
      "version": "4.9.4",
      "resolved": "https://repo.huaweicloud.com/repository/npm/typescript/-/typescript-4.9.4.tgz",
      "integrity": "sha512-Uz+dTXYzxXXbsFpM86Wh3dKCxrQqUcVMxwU54orwlJjOpO3ao8L7j5lH+dWfTwgCwIuM9GQ2kvVotzYJMXTBZg==",
      "license": "Apache-2.0",
      "bin": {
        "tsc": "bin/tsc",
        "tsserver": "bin/tsserver"
      },
      "engines": {
        "node": ">=4.2.0"
      }
    },
    "node_modules/y-protocols": {
      "version": "1.0.5",
      "resolved": "https://repo.huaweicloud.com/repository/npm/y-protocols/-/y-protocols-1.0.5.tgz",
      "integrity": "sha512-Wil92b7cGk712lRHDqS4T90IczF6RkcvCwAD0A2OPg+adKmOe+nOiT/N2hvpQIWS3zfjmtL4CPaH5sIW1Hkm/A==",
      "license": "MIT",
      "dependencies": {
        "lib0": "^0.2.42"
      },
      "funding": {
        "type": "GitHub Sponsors ❤",
        "url": "https://github.com/sponsors/dmonad"
      }
    },
    "node_modules/yjs": {
      "version": "13.5.43",
      "resolved": "https://repo.huaweicloud.com/repository/npm/yjs/-/yjs-13.5.43.tgz",
      "integrity": "sha512-NJqWuiDOseYjkhnSVo55z+FZD6TsOJBZfMbH2I4OCm5vsgY7TESUjUGb7Pt1lljvvdSfBVj8CxQqZAnVxe5Iyg==",
      "license": "MIT",
      "dependencies": {
        "lib0": "^0.2.49"
      },
      "funding": {
        "type": "GitHub Sponsors ❤",
        "url": "https://github.com/sponsors/dmonad"
      }
    }
  },
  "dependencies": {
    "@tanbo/bezier": {
      "version": "1.0.1",
      "resolved": "https://repo.huaweicloud.com/repository/npm/@tanbo/bezier/-/bezier-1.0.1.tgz",
      "integrity": "sha512-o63Ul3M4WIcGhvpiIUOZfP378AsT+UzkaGPYr78g8J4vu8AVYH8KqghgVXBb2uybIK8vdtFdJs21EKdQyrDHow=="
    },
    "@tanbo/color": {
      "version": "0.1.1",
      "resolved": "https://repo.huaweicloud.com/repository/npm/@tanbo/color/-/color-0.1.1.tgz",
      "integrity": "sha512-at2A3rju+rl7bayn62k6sp05bSrRPKOu/L5HefuF6VNeZtu3670mnggFh1xKa+rsVacAiVYM8f2WTtwBBohPgg=="
    },
    "@tanbo/color-picker": {
      "version": "1.0.3",
      "resolved": "https://repo.huaweicloud.com/repository/npm/@tanbo/color-picker/-/color-picker-1.0.3.tgz",
      "integrity": "sha512-WXfXILikWjp/WZxpAmI3I8JWX45UtwTQMwsjUAYQ9Tesbqx9V/vMdtY7xWmKksSxYVQvB8j9vC5mWoT5MJp8DQ==",
      "requires": {
        "@tanbo/color": "^0.1.1",
        "@tanbo/css-themes": "^0.0.1",
        "@tanbo/stream": "^1.1.8"
      }
    },
    "@tanbo/css-themes": {
      "version": "0.0.1",
      "resolved": "https://repo.huaweicloud.com/repository/npm/@tanbo/css-themes/-/css-themes-0.0.1.tgz",
      "integrity": "sha512-0OKxDNskmWshWWgFgHAmgKEwBpX+JbYtNPIoImeQWeoAm1KRoONPGMGNccZJr++XLZYF1lAkgzGg2uV1JfvjmQ=="
    },
    "@tanbo/di": {
      "version": "1.1.4",
      "resolved": "https://repo.huaweicloud.com/repository/npm/@tanbo/di/-/di-1.1.4.tgz",
      "integrity": "sha512-3A+LK3PCKiO6zuqjq2yRbJpXTZL4fMTyvcjXNXYHIV1YzxikB0Ejnw+eJe5CWH6803iRfgum6ahYY0tLO+PP6g==",
      "requires": {
        "reflect-metadata": "^0.1.13"
      }
    },
    "@tanbo/stream": {
      "version": "1.1.9",
      "resolved": "https://repo.huaweicloud.com/repository/npm/@tanbo/stream/-/stream-1.1.9.tgz",
      "integrity": "sha512-K1IKIVo7qcSC3y26z7yH4mabVdWr9nIYZqzR1ooiQtYMHMFeN9GOWMj4g1pkB8Q3XmS8ojLN3Rd4bgP755/OxQ=="
    },
    "@textbus/browser": {
      "version": "2.6.0",
      "resolved": "https://repo.huaweicloud.com/repository/npm/@textbus/browser/-/browser-2.6.0.tgz",
      "integrity": "sha512-uo2eu1B+fk2cVzxIJyhHnyCRmjzsZU8x7T20p60qMnsicGHfs0hfKBZ/gZwq7lrB3021M8n5oY0KGAPvoZitkA==",
      "requires": {
        "@tanbo/di": "^1.1.4",
        "@tanbo/stream": "^1.1.9",
        "@textbus/core": "^2.6.0",
        "reflect-metadata": "^0.1.13"
      }
    },
    "@textbus/collaborate": {
      "version": "2.6.0",
      "resolved": "https://repo.huaweicloud.com/repository/npm/@textbus/collaborate/-/collaborate-2.6.0.tgz",
      "integrity": "sha512-oy62XMm6eUbJKP06MlPXbZs4BM7ci3X9wDQHiTX5ZDhq8y1N6S28O/foR1fgCV30ckB8feg5RI9kUGSx6wZ2LQ==",
      "requires": {
        "@tanbo/di": "^1.1.4",
        "@tanbo/stream": "^1.1.9",
        "@textbus/browser": "^2.6.0",
        "@textbus/core": "^2.6.0",
        "reflect-metadata": "^0.1.13",
        "y-protocols": "^1.0.5",
        "yjs": "^13.5.39"
      }
    },
    "@textbus/core": {
      "version": "2.6.0",
      "resolved": "https://repo.huaweicloud.com/repository/npm/@textbus/core/-/core-2.6.0.tgz",
      "integrity": "sha512-ZOyXU6Mjf6cFSmfTVI+VR470EfeSMIasu1jXKfqH7XhYZdEdOu/vWoDmkeAAsptgxTr7l7ew4P2NmvQJdHvacw==",
      "requires": {
        "@tanbo/di": "^1.1.4",
        "@tanbo/stream": "^1.1.9",
        "immer": "^9.0.12"
      }
    },
    "@textbus/editor": {
      "version": "2.6.0",
      "resolved": "https://repo.huaweicloud.com/repository/npm/@textbus/editor/-/editor-2.6.0.tgz",
      "integrity": "sha512-8NjxW6HYf1Fnd87AnsHZU63IjvUdmo3tt/cxx1VAkjA5zOxDBCrfRZRaC8C1thUoWeRpwlcFxpA1c/hC5WRitQ==",
      "requires": {
        "@tanbo/bezier": "^1.0.1",
        "@tanbo/color": "^0.1.1",
        "@tanbo/color-picker": "^1.0.3",
        "@tanbo/css-themes": "^0.0.1",
        "@tanbo/di": "^1.1.4",
        "@tanbo/stream": "^1.1.9",
        "@textbus/browser": "^2.6.0",
        "@textbus/collaborate": "^2.6.0",
        "@textbus/core": "^2.6.0",
        "katex": "^0.16.0",
        "prismjs": "^1.23.0"
      }
    },
    "@types/node": {
      "version": "18.11.17",
      "resolved": "https://repo.huaweicloud.com/repository/npm/@types/node/-/node-18.11.17.tgz",
      "integrity": "sha512-HJSUJmni4BeDHhfzn6nF0sVmd1SMezP7/4F0Lq+aXzmp2xm9O7WXrUtHW/CHlYVtZUbByEvWidHqRtcJXGF2Ng=="
    },
    "commander": {
      "version": "8.3.0",
      "resolved": "https://repo.huaweicloud.com/repository/npm/commander/-/commander-8.3.0.tgz",
      "integrity": "sha512-OkTL9umf+He2DZkUq8f8J9of7yL6RJKI24dVITBmNfZBmri9zYZQrKkuXiKhyfPSu8tUhnVBB1iKXevvnlR4Ww=="
    },
    "immer": {
      "version": "9.0.16",
      "resolved": "https://repo.huaweicloud.com/repository/npm/immer/-/immer-9.0.16.tgz",
      "integrity": "sha512-qenGE7CstVm1NrHQbMh8YaSzTZTFNP3zPqr3YU0S0UY441j4bJTg4A2Hh5KAhwgaiU6ZZ1Ar6y/2f4TblnMReQ=="
    },
    "isomorphic.js": {
      "version": "0.2.5",
      "resolved": "https://repo.huaweicloud.com/repository/npm/isomorphic.js/-/isomorphic.js-0.2.5.tgz",
      "integrity": "sha512-PIeMbHqMt4DnUP3MA/Flc0HElYjMXArsw1qwJZcm9sqR8mq3l8NYizFMty0pWwE/tzIGH3EKK5+jes5mAr85yw=="
    },
    "katex": {
      "version": "0.16.4",
      "resolved": "https://repo.huaweicloud.com/repository/npm/katex/-/katex-0.16.4.tgz",
      "integrity": "sha512-WudRKUj8yyBeVDI4aYMNxhx5Vhh2PjpzQw1GRu/LVGqL4m1AxwD1GcUp0IMbdJaf5zsjtj8ghP0DOQRYhroNkw==",
      "requires": {
        "commander": "^8.0.0"
      }
    },
    "lib0": {
      "version": "0.2.58",
      "resolved": "https://repo.huaweicloud.com/repository/npm/lib0/-/lib0-0.2.58.tgz",
      "integrity": "sha512-6ovqPaYfOKU7GkkVxz/wjMR0zsqmNsISLvH+h9Lx5YNtWDZey69aYsTGXaSVpUPpJ+ZFtIvcZHsTGL3MbwOM8A==",
      "requires": {
        "isomorphic.js": "^0.2.4"
      }
    },
    "monaco-editor": {
      "version": "0.34.1",
      "resolved": "https://repo.huaweicloud.com/repository/npm/monaco-editor/-/monaco-editor-0.34.1.tgz",
      "integrity": "sha512-FKc80TyiMaruhJKKPz5SpJPIjL+dflGvz4CpuThaPMc94AyN7SeC9HQ8hrvaxX7EyHdJcUY5i4D0gNyJj1vSZQ=="
    },
    "prismjs": {
      "version": "1.29.0",
      "resolved": "https://repo.huaweicloud.com/repository/npm/prismjs/-/prismjs-1.29.0.tgz",
      "integrity": "sha512-Kx/1w86q/epKcmte75LNrEoT+lX8pBpavuAbvJWRXar7Hz8jrtF+e3vY751p0R8H9HdArwaCTNDDzHg/ScJK1Q=="
    },
    "reflect-metadata": {
      "version": "0.1.13",
      "resolved": "https://repo.huaweicloud.com/repository/npm/reflect-metadata/-/reflect-metadata-0.1.13.tgz",
      "integrity": "sha512-Ts1Y/anZELhSsjMcU605fU9RE4Oi3p5ORujwbIKXfWa+0Zxs510Qrmrce5/Jowq3cHSZSJqBjypxmHarc+vEWg=="
    },
    "typescript": {
      "version": "4.9.4",
      "resolved": "https://repo.huaweicloud.com/repository/npm/typescript/-/typescript-4.9.4.tgz",
      "integrity": "sha512-Uz+dTXYzxXXbsFpM86Wh3dKCxrQqUcVMxwU54orwlJjOpO3ao8L7j5lH+dWfTwgCwIuM9GQ2kvVotzYJMXTBZg=="
    },
    "y-protocols": {
      "version": "1.0.5",
      "resolved": "https://repo.huaweicloud.com/repository/npm/y-protocols/-/y-protocols-1.0.5.tgz",
      "integrity": "sha512-Wil92b7cGk712lRHDqS4T90IczF6RkcvCwAD0A2OPg+adKmOe+nOiT/N2hvpQIWS3zfjmtL4CPaH5sIW1Hkm/A==",
      "requires": {
        "lib0": "^0.2.42"
      }
    },
    "yjs": {
      "version": "13.5.43",
      "resolved": "https://repo.huaweicloud.com/repository/npm/yjs/-/yjs-13.5.43.tgz",
      "integrity": "sha512-NJqWuiDOseYjkhnSVo55z+FZD6TsOJBZfMbH2I4OCm5vsgY7TESUjUGb7Pt1lljvvdSfBVj8CxQqZAnVxe5Iyg==",
      "requires": {
        "lib0": "^0.2.49"
      }
    }
  }
}
